
Microsoft Visual Studio Solution File, Format Version 12.00
# Visual Studio Version 17
VisualStudioVersion = 17.5.33530.505
MinimumVisualStudioVersion = 10.0.40219.1
Project("{FAE04EC0-301F-11D3-BF4B-00C04F79EFBC}") = "validar cpf 4", "validar cpf 4\validar cpf 4.csproj", "{08C6D6FA-14F0-4729-879E-57AEC1BB0951}"
EndProject
Global
	GlobalSection(SolutionConfigurationPlatforms) = preSolution
		Debug|Any CPU = Debug|Any CPU
		Release|Any CPU = Release|Any CPU
	EndGlobalSection
	GlobalSection(ProjectConfigurationPlatforms) = postSolution
		{08C6D6FA-14F0-4729-879E-57AEC1BB0951}.Debug|Any CPU.ActiveCfg = Debug|Any CPU
		{08C6D6FA-14F0-4729-879E-57AEC1BB0951}.Debug|Any CPU.Build.0 = Debug|Any CPU
		{08C6D6FA-14F0-4729-879E-57AEC1BB0951}.Release|Any CPU.ActiveCfg = Release|Any CPU
		{08C6D6FA-14F0-4729-879E-57AEC1BB0951}.Release|Any CPU.Build.0 = Release|Any CPU
	EndGlobalSection
	GlobalSection(SolutionProperties) = preSolution
		HideSolutionNode = FALSE
	EndGlobalSection
	GlobalSection(ExtensibilityGlobals) = postSolution
		SolutionGuid = {54E1CCAD-3B56-4BD9-9FD5-3C8FF0FBEF3B}
	EndGlobalSection
EndGlobal
